
Microsoft Visual Studio Solution File, Format Version 12.00
# Visual Studio 15
VisualStudioVersion = 15.0.26730.12
MinimumVisualStudioVersion = 10.0.40219.1
Project("{2150E333-8FDC-42A3-9474-1A3956D46DE8}") = "Client", "Client", "{2380A838-10CD-4903-BB2C-8D125E2BC8E8}"
EndProject
Project("{2150E333-8FDC-42A3-9474-1A3956D46DE8}") = "Data", "Data", "{A518CE50-644A-43D8-8181-EE7D69D3A660}"
EndProject
Project("{2150E333-8FDC-42A3-9474-1A3956D46DE8}") = "Service", "Service", "{232D0E7D-9ADE-4DED-8E4B-ED584D2904BF}"
EndProject
Project("{2150E333-8FDC-42A3-9474-1A3956D46DE8}") = "Admin", "Admin", "{F35FC34F-9AEF-4805-988B-9D54B030CABA}"
EndProject
Project("{2150E333-8FDC-42A3-9474-1A3956D46DE8}") = "Domain", "Domain", "{79FA957B-7188-4544-A6DA-F9EFDE8037D8}"
EndProject
Project("{2150E333-8FDC-42A3-9474-1A3956D46DE8}") = "Test", "Test", "{89EC3AC5-51E5-480B-8DD5-18231B214298}"
EndProject
Project("{FAE04EC0-301F-11D3-BF4B-00C04F79EFBC}") = "TrackIt.AdminConsole", "TrackIt.AdminConsole\TrackIt.AdminConsole.csproj", "{8A2EA837-5D5C-4EA4-987F-58923E7FB57A}"
EndProject
Project("{FAE04EC0-301F-11D3-BF4B-00C04F79EFBC}") = "Test.TrackIt.Domain.Logic.xUnit", "Test.TrackIt.Domain.Logic.xUnit\Test.TrackIt.Domain.Logic.xUnit.csproj", "{99A9A61F-5761-4947-85B3-7E0236315DAE}"
EndProject
Project("{9A19103F-16F7-4668-BE54-9A1E7A4F7556}") = "TrackIt.Data.Dapper", "TrackIt.Data.Dapper\TrackIt.Data.Dapper.csproj", "{3A07296A-0083-4897-9A8E-B7A25E86F5FB}"
EndProject
Project("{9A19103F-16F7-4668-BE54-9A1E7A4F7556}") = "TrackIt.Data.EFCore", "TrackIt.Data.EFCore\TrackIt.Data.EFCore.csproj", "{C85F27E3-D09A-46E3-9DE1-BC165939AA7D}"
EndProject
Project("{9A19103F-16F7-4668-BE54-9A1E7A4F7556}") = "TrackIt.Domain.Model", "TrackIt.Domain.Model\TrackIt.Domain.Model.csproj", "{ED1B9F12-AC36-4108-8F9E-94A830A73EC7}"
EndProject
Project("{9A19103F-16F7-4668-BE54-9A1E7A4F7556}") = "TrackIt.Domain.Logic", "TrackIt.Domain.Logic\TrackIt.Domain.Logic.csproj", "{953390CD-EB5B-41AF-BA21-1503DC1AEB30}"
EndProject
Project("{9A19103F-16F7-4668-BE54-9A1E7A4F7556}") = "TrackIt.Service.CoreWebApi", "TrackIt.Service.CoreWebApi\TrackIt.Service.CoreWebApi.csproj", "{5D8B9564-5CB9-40CA-90C9-07AF6A86FE14}"
EndProject
Project("{9A19103F-16F7-4668-BE54-9A1E7A4F7556}") = "TrackIt.Data.Seed", "TrackIt.Data.Seed\TrackIt.Data.Seed.csproj", "{36BB4BFF-C0BE-423D-BAB1-47A70E5090E0}"
EndProject
Project("{FAE04EC0-301F-11D3-BF4B-00C04F79EFBC}") = "TrackIt.WebJob.BilboReset", "TrackIt.WebJob.BilboReset\TrackIt.WebJob.BilboReset.csproj", "{19E3E3CB-486B-4B09-BBFC-F20EA6C7097D}"
EndProject
Project("{9A19103F-16F7-4668-BE54-9A1E7A4F7556}") = "TrackIt.Data.DocumentDB", "TrackIt.Data.DocumentDB\TrackIt.Data.DocumentDB.csproj", "{AADC4052-5DD6-4C50-ABF9-62BE78AB475A}"
EndProject
Project("{9A19103F-16F7-4668-BE54-9A1E7A4F7556}") = "TrackIt.AdminConsoleCore", "TrackIt.AdminConsoleCore\TrackIt.AdminConsoleCore.csproj", "{CC08A7F4-55CE-45A7-9DCC-E0410CABC4D3}"
EndProject
Project("{9A19103F-16F7-4668-BE54-9A1E7A4F7556}") = "TrackIt.Client.Html.Aurelia", "TrackIt.Client.Html.Aurelia\TrackIt.Client.Html.Aurelia.csproj", "{F1006985-B6D0-4137-A713-AAC780C6B5FC}"
EndProject
Project("{9A19103F-16F7-4668-BE54-9A1E7A4F7556}") = "TrackIt.Client.Html.Angular", "TrackIt.Client.Html.Angular\TrackIt.Client.Html.Angular.csproj", "{67883875-E2ED-4149-9DD5-FA59CF7D4A50}"
EndProject
Global
	GlobalSection(SolutionConfigurationPlatforms) = preSolution
		Debug|Any CPU = Debug|Any CPU
		Release|Any CPU = Release|Any CPU
	EndGlobalSection
	GlobalSection(ProjectConfigurationPlatforms) = postSolution
		{8A2EA837-5D5C-4EA4-987F-58923E7FB57A}.Debug|Any CPU.ActiveCfg = Debug|Any CPU
		{8A2EA837-5D5C-4EA4-987F-58923E7FB57A}.Debug|Any CPU.Build.0 = Debug|Any CPU
		{8A2EA837-5D5C-4EA4-987F-58923E7FB57A}.Release|Any CPU.ActiveCfg = Release|Any CPU
		{8A2EA837-5D5C-4EA4-987F-58923E7FB57A}.Release|Any CPU.Build.0 = Release|Any CPU
		{99A9A61F-5761-4947-85B3-7E0236315DAE}.Debug|Any CPU.ActiveCfg = Debug|Any CPU
		{99A9A61F-5761-4947-85B3-7E0236315DAE}.Debug|Any CPU.Build.0 = Debug|Any CPU
		{99A9A61F-5761-4947-85B3-7E0236315DAE}.Release|Any CPU.ActiveCfg = Release|Any CPU
		{99A9A61F-5761-4947-85B3-7E0236315DAE}.Release|Any CPU.Build.0 = Release|Any CPU
		{3A07296A-0083-4897-9A8E-B7A25E86F5FB}.Debug|Any CPU.ActiveCfg = Debug|Any CPU
		{3A07296A-0083-4897-9A8E-B7A25E86F5FB}.Debug|Any CPU.Build.0 = Debug|Any CPU
		{3A07296A-0083-4897-9A8E-B7A25E86F5FB}.Release|Any CPU.ActiveCfg = Release|Any CPU
		{3A07296A-0083-4897-9A8E-B7A25E86F5FB}.Release|Any CPU.Build.0 = Release|Any CPU
		{C85F27E3-D09A-46E3-9DE1-BC165939AA7D}.Debug|Any CPU.ActiveCfg = Debug|Any CPU
		{C85F27E3-D09A-46E3-9DE1-BC165939AA7D}.Debug|Any CPU.Build.0 = Debug|Any CPU
		{C85F27E3-D09A-46E3-9DE1-BC165939AA7D}.Release|Any CPU.ActiveCfg = Release|Any CPU
		{C85F27E3-D09A-46E3-9DE1-BC165939AA7D}.Release|Any CPU.Build.0 = Release|Any CPU
		{ED1B9F12-AC36-4108-8F9E-94A830A73EC7}.Debug|Any CPU.ActiveCfg = Debug|Any CPU
		{ED1B9F12-AC36-4108-8F9E-94A830A73EC7}.Debug|Any CPU.Build.0 = Debug|Any CPU
		{ED1B9F12-AC36-4108-8F9E-94A830A73EC7}.Release|Any CPU.ActiveCfg = Release|Any CPU
		{ED1B9F12-AC36-4108-8F9E-94A830A73EC7}.Release|Any CPU.Build.0 = Release|Any CPU
		{953390CD-EB5B-41AF-BA21-1503DC1AEB30}.Debug|Any CPU.ActiveCfg = Debug|Any CPU
		{953390CD-EB5B-41AF-BA21-1503DC1AEB30}.Debug|Any CPU.Build.0 = Debug|Any CPU
		{953390CD-EB5B-41AF-BA21-1503DC1AEB30}.Release|Any CPU.ActiveCfg = Release|Any CPU
		{953390CD-EB5B-41AF-BA21-1503DC1AEB30}.Release|Any CPU.Build.0 = Release|Any CPU
		{5D8B9564-5CB9-40CA-90C9-07AF6A86FE14}.Debug|Any CPU.ActiveCfg = Debug|Any CPU
		{5D8B9564-5CB9-40CA-90C9-07AF6A86FE14}.Debug|Any CPU.Build.0 = Debug|Any CPU
		{5D8B9564-5CB9-40CA-90C9-07AF6A86FE14}.Release|Any CPU.ActiveCfg = Release|Any CPU
		{5D8B9564-5CB9-40CA-90C9-07AF6A86FE14}.Release|Any CPU.Build.0 = Release|Any CPU
		{36BB4BFF-C0BE-423D-BAB1-47A70E5090E0}.Debug|Any CPU.ActiveCfg = Debug|Any CPU
		{36BB4BFF-C0BE-423D-BAB1-47A70E5090E0}.Debug|Any CPU.Build.0 = Debug|Any CPU
		{36BB4BFF-C0BE-423D-BAB1-47A70E5090E0}.Release|Any CPU.ActiveCfg = Release|Any CPU
		{36BB4BFF-C0BE-423D-BAB1-47A70E5090E0}.Release|Any CPU.Build.0 = Release|Any CPU
		{19E3E3CB-486B-4B09-BBFC-F20EA6C7097D}.Debug|Any CPU.ActiveCfg = Debug|Any CPU
		{19E3E3CB-486B-4B09-BBFC-F20EA6C7097D}.Debug|Any CPU.Build.0 = Debug|Any CPU
		{19E3E3CB-486B-4B09-BBFC-F20EA6C7097D}.Release|Any CPU.ActiveCfg = Release|Any CPU
		{19E3E3CB-486B-4B09-BBFC-F20EA6C7097D}.Release|Any CPU.Build.0 = Release|Any CPU
		{AADC4052-5DD6-4C50-ABF9-62BE78AB475A}.Debug|Any CPU.ActiveCfg = Debug|Any CPU
		{AADC4052-5DD6-4C50-ABF9-62BE78AB475A}.Debug|Any CPU.Build.0 = Debug|Any CPU
		{AADC4052-5DD6-4C50-ABF9-62BE78AB475A}.Release|Any CPU.ActiveCfg = Release|Any CPU
		{AADC4052-5DD6-4C50-ABF9-62BE78AB475A}.Release|Any CPU.Build.0 = Release|Any CPU
		{CC08A7F4-55CE-45A7-9DCC-E0410CABC4D3}.Debug|Any CPU.ActiveCfg = Debug|Any CPU
		{CC08A7F4-55CE-45A7-9DCC-E0410CABC4D3}.Debug|Any CPU.Build.0 = Debug|Any CPU
		{CC08A7F4-55CE-45A7-9DCC-E0410CABC4D3}.Release|Any CPU.ActiveCfg = Release|Any CPU
		{CC08A7F4-55CE-45A7-9DCC-E0410CABC4D3}.Release|Any CPU.Build.0 = Release|Any CPU
		{F1006985-B6D0-4137-A713-AAC780C6B5FC}.Debug|Any CPU.ActiveCfg = Debug|Any CPU
		{F1006985-B6D0-4137-A713-AAC780C6B5FC}.Debug|Any CPU.Build.0 = Debug|Any CPU
		{F1006985-B6D0-4137-A713-AAC780C6B5FC}.Release|Any CPU.ActiveCfg = Release|Any CPU
		{F1006985-B6D0-4137-A713-AAC780C6B5FC}.Release|Any CPU.Build.0 = Release|Any CPU
		{67883875-E2ED-4149-9DD5-FA59CF7D4A50}.Debug|Any CPU.ActiveCfg = Debug|Any CPU
		{67883875-E2ED-4149-9DD5-FA59CF7D4A50}.Debug|Any CPU.Build.0 = Debug|Any CPU
		{67883875-E2ED-4149-9DD5-FA59CF7D4A50}.Release|Any CPU.ActiveCfg = Release|Any CPU
		{67883875-E2ED-4149-9DD5-FA59CF7D4A50}.Release|Any CPU.Build.0 = Release|Any CPU
	EndGlobalSection
	GlobalSection(SolutionProperties) = preSolution
		HideSolutionNode = FALSE
	EndGlobalSection
	GlobalSection(NestedProjects) = preSolution
		{8A2EA837-5D5C-4EA4-987F-58923E7FB57A} = {F35FC34F-9AEF-4805-988B-9D54B030CABA}
		{99A9A61F-5761-4947-85B3-7E0236315DAE} = {89EC3AC5-51E5-480B-8DD5-18231B214298}
		{3A07296A-0083-4897-9A8E-B7A25E86F5FB} = {A518CE50-644A-43D8-8181-EE7D69D3A660}
		{C85F27E3-D09A-46E3-9DE1-BC165939AA7D} = {A518CE50-644A-43D8-8181-EE7D69D3A660}
		{ED1B9F12-AC36-4108-8F9E-94A830A73EC7} = {79FA957B-7188-4544-A6DA-F9EFDE8037D8}
		{953390CD-EB5B-41AF-BA21-1503DC1AEB30} = {79FA957B-7188-4544-A6DA-F9EFDE8037D8}
		{5D8B9564-5CB9-40CA-90C9-07AF6A86FE14} = {232D0E7D-9ADE-4DED-8E4B-ED584D2904BF}
		{36BB4BFF-C0BE-423D-BAB1-47A70E5090E0} = {A518CE50-644A-43D8-8181-EE7D69D3A660}
		{19E3E3CB-486B-4B09-BBFC-F20EA6C7097D} = {F35FC34F-9AEF-4805-988B-9D54B030CABA}
		{AADC4052-5DD6-4C50-ABF9-62BE78AB475A} = {A518CE50-644A-43D8-8181-EE7D69D3A660}
		{CC08A7F4-55CE-45A7-9DCC-E0410CABC4D3} = {F35FC34F-9AEF-4805-988B-9D54B030CABA}
		{F1006985-B6D0-4137-A713-AAC780C6B5FC} = {2380A838-10CD-4903-BB2C-8D125E2BC8E8}
		{67883875-E2ED-4149-9DD5-FA59CF7D4A50} = {2380A838-10CD-4903-BB2C-8D125E2BC8E8}
	EndGlobalSection
	GlobalSection(ExtensibilityGlobals) = postSolution
		SolutionGuid = {D809C29C-5A0E-4A73-A63A-40F027868ADC}
	EndGlobalSection
EndGlobal
